{
    "hash": "76a9ce4488621814bc0a00ceeb6e1782",
    "packages": [
        {
            "name": "emagister/zend-form-decorators-bootstrap",
            "version": "dev-master",
            "source": {
                "type": "git",
                "url": "https://github.com/Emagister/zend-form-decorators-bootstrap.git",
                "reference": "c08fddcaef6074cd5463ebcd86a0a602d4ae2cb3"
            },
            "dist": {
                "type": "zip",
                "url": "https://api.github.com/repos/Emagister/zend-form-decorators-bootstrap/zipball/c08fddcaef6074cd5463ebcd86a0a602d4ae2cb3",
                "reference": "c08fddcaef6074cd5463ebcd86a0a602d4ae2cb3",
                "shasum": ""
            },
            "require": {
                "php": ">=5.2.4"
            },
            "type": "library",
            "autoload": {
                "psr-0": {
                    "Twitter_": ""
                }
            },
            "notification-url": "http://packagist.org/downloads/",
            "include-path": [
                ""
            ],
            "license": [
                "MIT"
            ],
            "authors": [
                {
                    "name": "EmagisterTech",
                    "email": "php@emagister.com",
                    "homepage": "http://engineering.emagister.com",
                    "role": "Developer"
                }
            ],
            "description": "Zend_Form decorators for Twitter's Bootstrap UI",
            "homepage": "https://emagister.github.com/zend-form-decorators-bootstrap",
            "keywords": [
                "bootstrap",
                "twitter",
                "twitter bootstrap",
                "zend",
                "zend form",
                "zend form decorators"
            ],
            "time": "2013-02-27 18:49:23"
        },
        {
            "name": "ncsuwebdev/ncsubootstrap",
            "version": "dev-master",
            "source": {
                "type": "git",
                "url": "https://github.com/ncsuwebdev/ncsubootstrap.git",
                "reference": "e042c73a3a8a8191e24cb8ac17c559d2fb8c6218"
            },
            "dist": {
                "type": "zip",
                "url": "https://api.github.com/repos/ncsuwebdev/ncsubootstrap/zipball/e042c73a3a8a8191e24cb8ac17c559d2fb8c6218",
                "reference": "e042c73a3a8a8191e24cb8ac17c559d2fb8c6218",
                "shasum": ""
            },
            "type": "library",
            "notification-url": "http://packagist.org/downloads/",
            "authors": [
                {
                    "name": "Jason Austin",
                    "email": "jfaustin@ncsu.edu",
                    "homepage": "http://ot.ncsu.edu",
                    "role": "Developer"
                }
            ],
            "description": "An NCSU-brand override for Twitter Bootstrap",
            "homepage": "http://github.com/ncsuwebdev/ncsubootstrap",
            "keywords": [
                "ncstate",
                "ncsu"
            ],
            "time": "2013-03-07 16:12:15"
        },
        {
            "name": "ncsuwebdev/php-ncstate",
            "version": "1.0.6",
            "source": {
                "type": "git",
                "url": "https://github.com/ncsuwebdev/PHP-Ncstate.git",
                "reference": "1.0.6"
            },
            "dist": {
                "type": "zip",
                "url": "https://api.github.com/repos/ncsuwebdev/PHP-Ncstate/zipball/1.0.6",
                "reference": "1.0.6",
                "shasum": ""
            },
            "require": {
                "php": ">=5.3.0"
            },
            "type": "library",
            "autoload": {
                "psr-0": {
                    "Ncstate": "/"
                }
            },
            "notification-url": "http://packagist.org/downloads/",
            "authors": [
                {
                    "name": "Jason Austin",
                    "email": "jfaustin@ncsu.edu",
                    "homepage": "http://ot.ncsu.edu",
                    "role": "Developer"
                }
            ],
            "description": "Utility library for NC State",
            "homepage": "http://github.com/ncsuwebdev/PHP-Ncstate",
            "keywords": [
                "ncstate",
                "ncsu"
            ],
            "time": "2013-02-06 20:22:08"
        },
        {
            "name": "zendframework/zendframework1",
            "version": "1.12.2",
            "source": {
                "type": "svn",
                "url": "http://framework.zend.com/svn/framework/standard",
                "reference": "/tags/release-1.12.2/@25270"
            },
            "require": {
                "php": ">=5.2.11"
            },
            "type": "library",
            "extra": {
                "branch-alias": {
                    "dev-trunk": "1.12.x-dev",
                    "dev-release-1.0": "1.0.x-dev",
                    "dev-release-1.5": "1.5.x-dev",
                    "dev-release-1.6": "1.6.x-dev",
                    "dev-release-1.7": "1.7.x-dev",
                    "dev-release-1.8": "1.8.x-dev",
                    "dev-release-1.9": "1.9.x-dev",
                    "dev-release-1.10": "1.10.x-dev",
                    "dev-release-1.11": "1.11.x-dev"
                }
            },
            "autoload": {
                "psr-0": {
                    "Zend": "library/"
                }
            },
            "notification-url": "http://packagist.org/downloads/",
            "include-path": [
                "library/"
            ],
            "license": [
                "BSD-3-Clause"
            ],
            "description": "Zend Framework 1",
            "homepage": "http://framework.zend.com/",
            "keywords": [
                "ZF1",
                "framework"
            ],
            "time": "2013-02-25 19:10:50"
        }
    ],
    "packages-dev": null,
    "aliases": [

    ],
    "minimum-stability": "stable",
    "stability-flags": {
        "ncsuwebdev/ncsubootstrap": 20,
        "emagister/zend-form-decorators-bootstrap": 20
    }
}
